# This file is automatically @generated by Poetry 1.8.2 and should not be changed by hand.

[[package]]
name = "pyloggerutils"
version = "0.1.4"
description = "This is Python Logger"
optional = false
python-versions = "*"
files = [
    {file = "pyloggerutils-0.1.4.tar.gz", hash = "sha256:ddb4b96721498e62e6d9484127e7f37c169c159451c941cf09c8ea6f8f86ef01"},
]

[metadata]
lock-version = "2.0"
python-versions = "^3.12"
content-hash = "a1333bc0be3dccae797ce765c956998b80f48c40d3d14f9ae12fdbe6e06be8c4"
